
Microsoft Visual Studio Solution File, Format Version 12.00
# Visual Studio 15
VisualStudioVersion = 15.0.27428.2043
MinimumVisualStudioVersion = 10.0.40219.1
Project("{FAE04EC0-301F-11D3-BF4B-00C04F79EFBC}") = "TakeTenMinuteWalk", "ConsoleApp1\TakeTenMinuteWalk.csproj", "{FCE346CB-C176-4C04-9D8A-F704F0265A9D}"
EndProject
Global
	GlobalSection(SolutionConfigurationPlatforms) = preSolution
		Debug|Any CPU = Debug|Any CPU
		Release|Any CPU = Release|Any CPU
	EndGlobalSection
	GlobalSection(ProjectConfigurationPlatforms) = postSolution
		{FCE346CB-C176-4C04-9D8A-F704F0265A9D}.Debug|Any CPU.ActiveCfg = Debug|Any CPU
		{FCE346CB-C176-4C04-9D8A-F704F0265A9D}.Debug|Any CPU.Build.0 = Debug|Any CPU
		{FCE346CB-C176-4C04-9D8A-F704F0265A9D}.Release|Any CPU.ActiveCfg = Release|Any CPU
		{FCE346CB-C176-4C04-9D8A-F704F0265A9D}.Release|Any CPU.Build.0 = Release|Any CPU
	EndGlobalSection
	GlobalSection(SolutionProperties) = preSolution
		HideSolutionNode = FALSE
	EndGlobalSection
	GlobalSection(ExtensibilityGlobals) = postSolution
		SolutionGuid = {BEF2706E-EF18-437D-8682-2AE1CCDCD216}
	EndGlobalSection
EndGlobal
